
Microsoft Visual Studio Solution File, Format Version 12.00
# Visual Studio Version 17
VisualStudioVersion = 17.7.34018.315
MinimumVisualStudioVersion = 10.0.40219.1
Project("{FAE04EC0-301F-11D3-BF4B-00C04F79EFBC}") = "FiltersAndAttributes", "FiltersAndAttributes.csproj", "{0BC4B25D-4B62-496A-9CAE-E93905C0C2D2}"
EndProject
Global
	GlobalSection(SolutionConfigurationPlatforms) = preSolution
		Debug|Any CPU = Debug|Any CPU
		Release|Any CPU = Release|Any CPU
	EndGlobalSection
	GlobalSection(ProjectConfigurationPlatforms) = postSolution
		{0BC4B25D-4B62-496A-9CAE-E93905C0C2D2}.Debug|Any CPU.ActiveCfg = Debug|Any CPU
		{0BC4B25D-4B62-496A-9CAE-E93905C0C2D2}.Debug|Any CPU.Build.0 = Debug|Any CPU
		{0BC4B25D-4B62-496A-9CAE-E93905C0C2D2}.Release|Any CPU.ActiveCfg = Release|Any CPU
		{0BC4B25D-4B62-496A-9CAE-E93905C0C2D2}.Release|Any CPU.Build.0 = Release|Any CPU
	EndGlobalSection
	GlobalSection(SolutionProperties) = preSolution
		HideSolutionNode = FALSE
	EndGlobalSection
	GlobalSection(ExtensibilityGlobals) = postSolution
		SolutionGuid = {CD4E4774-1B3D-441A-9991-BC29E69BED38}
	EndGlobalSection
EndGlobal
